
Microsoft Visual Studio Solution File, Format Version 12.00
# Visual Studio Version 17
VisualStudioVersion = 17.0.31903.59
MinimumVisualStudioVersion = 10.0.40219.1
Project("{2150E333-8FDC-42A3-9474-1A3956D46DE8}") = "src", "src", "{8033ECA2-3938-4AF2-B874-4DF6C1C82464}"
EndProject
Project("{FAE04EC0-301F-11D3-BF4B-00C04F79EFBC}") = "LibraryService.Core", "src\LibraryService.Core\LibraryService.Core.csproj", "{0A5D29B4-2F42-47DA-9EAD-4B316D32E8ED}"
EndProject
Project("{FAE04EC0-301F-11D3-BF4B-00C04F79EFBC}") = "LibraryService.Service", "src\LibraryService.Service\LibraryService.Service.csproj", "{4AA5B8E1-D7B3-4A85-BF6C-FC3E88572510}"
EndProject
Project("{FAE04EC0-301F-11D3-BF4B-00C04F79EFBC}") = "LibraryService.Client", "src\LibraryService.Client\LibraryService.Client.csproj", "{61712774-34A7-4934-8E63-2D597BCA1F4E}"
EndProject
Global
	GlobalSection(SolutionConfigurationPlatforms) = preSolution
		Debug|Any CPU = Debug|Any CPU
		Release|Any CPU = Release|Any CPU
	EndGlobalSection
	GlobalSection(SolutionProperties) = preSolution
		HideSolutionNode = FALSE
	EndGlobalSection
	GlobalSection(ProjectConfigurationPlatforms) = postSolution
		{0A5D29B4-2F42-47DA-9EAD-4B316D32E8ED}.Debug|Any CPU.ActiveCfg = Debug|Any CPU
		{0A5D29B4-2F42-47DA-9EAD-4B316D32E8ED}.Debug|Any CPU.Build.0 = Debug|Any CPU
		{0A5D29B4-2F42-47DA-9EAD-4B316D32E8ED}.Release|Any CPU.ActiveCfg = Release|Any CPU
		{0A5D29B4-2F42-47DA-9EAD-4B316D32E8ED}.Release|Any CPU.Build.0 = Release|Any CPU
		{4AA5B8E1-D7B3-4A85-BF6C-FC3E88572510}.Debug|Any CPU.ActiveCfg = Debug|Any CPU
		{4AA5B8E1-D7B3-4A85-BF6C-FC3E88572510}.Debug|Any CPU.Build.0 = Debug|Any CPU
		{4AA5B8E1-D7B3-4A85-BF6C-FC3E88572510}.Release|Any CPU.ActiveCfg = Release|Any CPU
		{4AA5B8E1-D7B3-4A85-BF6C-FC3E88572510}.Release|Any CPU.Build.0 = Release|Any CPU
		{61712774-34A7-4934-8E63-2D597BCA1F4E}.Debug|Any CPU.ActiveCfg = Debug|Any CPU
		{61712774-34A7-4934-8E63-2D597BCA1F4E}.Debug|Any CPU.Build.0 = Debug|Any CPU
		{61712774-34A7-4934-8E63-2D597BCA1F4E}.Release|Any CPU.ActiveCfg = Release|Any CPU
		{61712774-34A7-4934-8E63-2D597BCA1F4E}.Release|Any CPU.Build.0 = Release|Any CPU
	EndGlobalSection
	GlobalSection(NestedProjects) = preSolution
		{0A5D29B4-2F42-47DA-9EAD-4B316D32E8ED} = {8033ECA2-3938-4AF2-B874-4DF6C1C82464}
		{4AA5B8E1-D7B3-4A85-BF6C-FC3E88572510} = {8033ECA2-3938-4AF2-B874-4DF6C1C82464}
		{61712774-34A7-4934-8E63-2D597BCA1F4E} = {8033ECA2-3938-4AF2-B874-4DF6C1C82464}
	EndGlobalSection
EndGlobal
